// !$*UTF8*$!
{
	archiveVersion = 1;
	classes = {
	};
	objectVersion = 56;
	objects = {

/* Begin PBXBuildFile section */
		3D369C5A296DF7A80030DE3D /* news.json in Resources */ = {isa = PBXBuildFile; fileRef = 3D369C59296DF7A80030DE3D /* news.json */; };
		3D369C5E296DF8220030DE3D /* Article.swift in Sources */ = {isa = PBXBuildFile; fileRef = 3D369C5D296DF8220030DE3D /* Article.swift */; };
		3D369C60296DFB1D0030DE3D /* NewsAPIResponse.swift in Sources */ = {isa = PBXBuildFile; fileRef = 3D369C5F296DFB1D0030DE3D /* NewsAPIResponse.swift */; };
		3D369C63296DFD9F0030DE3D /* ArticleRowView.swift in Sources */ = {isa = PBXBuildFile; fileRef = 3D369C62296DFD9F0030DE3D /* ArticleRowView.swift */; };
		3D3E60B9296F447D00AC6961 /* ArticleListView.swift in Sources */ = {isa = PBXBuildFile; fileRef = 3D3E60B8296F447D00AC6961 /* ArticleListView.swift */; };
		3D3E60BB296F466300AC6961 /* SafariView.swift in Sources */ = {isa = PBXBuildFile; fileRef = 3D3E60BA296F466300AC6961 /* SafariView.swift */; };
		3DF26656295E2B9F003EF090 /* FreshNewsApp.swift in Sources */ = {isa = PBXBuildFile; fileRef = 3DF26655295E2B9F003EF090 /* FreshNewsApp.swift */; };
		3DF26658295E2B9F003EF090 /* ContentView.swift in Sources */ = {isa = PBXBuildFile; fileRef = 3DF26657295E2B9F003EF090 /* ContentView.swift */; };
		3DF2665A295E2BA0003EF090 /* Assets.xcassets in Resources */ = {isa = PBXBuildFile; fileRef = 3DF26659295E2BA0003EF090 /* Assets.xcassets */; };
		3DF2665D295E2BA0003EF090 /* Preview Assets.xcassets in Resources */ = {isa = PBXBuildFile; fileRef = 3DF2665C295E2BA0003EF090 /* Preview Assets.xcassets */; };
/* End PBXBuildFile section */

/* Begin PBXFileReference section */
		3D369C59296DF7A80030DE3D /* news.json */ = {isa = PBXFileReference; lastKnownFileType = text.json; path = news.json; sourceTree = "<group>"; };
		3D369C5D296DF8220030DE3D /* Article.swift */ = {isa = PBXFileReference; lastKnownFileType = sourcecode.swift; path = Article.swift; sourceTree = "<group>"; };
		3D369C5F296DFB1D0030DE3D /* NewsAPIResponse.swift */ = {isa = PBXFileReference; lastKnownFileType = sourcecode.swift; path = NewsAPIResponse.swift; sourceTree = "<group>"; };
		3D369C62296DFD9F0030DE3D /* ArticleRowView.swift */ = {isa = PBXFileReference; lastKnownFileType = sourcecode.swift; path = ArticleRowView.swift; sourceTree = "<group>"; };
		3D369C64296E017A0030DE3D /* Info.plist */ = {isa = PBXFileReference; lastKnownFileType = text.plist; path = Info.plist; sourceTree = "<group>"; };
		3D3E60B8296F447D00AC6961 /* ArticleListView.swift */ = {isa = PBXFileReference; lastKnownFileType = sourcecode.swift; path = ArticleListView.swift; sourceTree = "<group>"; };
		3D3E60BA296F466300AC6961 /* SafariView.swift */ = {isa = PBXFileReference; lastKnownFileType = sourcecode.swift; path = SafariView.swift; sourceTree = "<group>"; };
		3DF26652295E2B9F003EF090 /* FreshNews.app */ = {isa = PBXFileReference; explicitFileType = wrapper.application; includeInIndex = 0; path = FreshNews.app; sourceTree = BUILT_PRODUCTS_DIR; };
		3DF26655295E2B9F003EF090 /* FreshNewsApp.swift */ = {isa = PBXFileReference; lastKnownFileType = sourcecode.swift; path = FreshNewsApp.swift; sourceTree = "<group>"; };
		3DF26657295E2B9F003EF090 /* ContentView.swift */ = {isa = PBXFileReference; lastKnownFileType = sourcecode.swift; path = ContentView.swift; sourceTree = "<group>"; };
		3DF26659295E2BA0003EF090 /* Assets.xcassets */ = {isa = PBXFileReference; lastKnownFileType = folder.assetcatalog; path = Assets.xcassets; sourceTree = "<group>"; };
		3DF2665C295E2BA0003EF090 /* Preview Assets.xcassets */ = {isa = PBXFileReference; lastKnownFileType = folder.assetcatalog; path = "Preview Assets.xcassets"; sourceTree = "<group>"; };
/* End PBXFileReference section */

/* Begin PBXFrameworksBuildPhase section */
		3DF2664F295E2B9F003EF090 /* Frameworks */ = {
			isa = PBXFrameworksBuildPhase;
			buildActionMask = 2147483647;
			files = (
			);
			runOnlyForDeploymentPostprocessing = 0;
		};
/* End PBXFrameworksBuildPhase section */

/* Begin PBXGroup section */
		3D369C5C296DF7CA0030DE3D /* Model */ = {
			isa = PBXGroup;
			children = (
				3D369C5D296DF8220030DE3D /* Article.swift */,
				3D369C5F296DFB1D0030DE3D /* NewsAPIResponse.swift */,
			);
			path = Model;
			sourceTree = "<group>";
		};
		3D369C61296DFD720030DE3D /* Views */ = {
			isa = PBXGroup;
			children = (
				3D369C62296DFD9F0030DE3D /* ArticleRowView.swift */,
				3D3E60B8296F447D00AC6961 /* ArticleListView.swift */,
				3D3E60BA296F466300AC6961 /* SafariView.swift */,
			);
			path = Views;
			sourceTree = "<group>";
		};
		3DF26649295E2B9F003EF090 = {
			isa = PBXGroup;
			children = (
				3DF26654295E2B9F003EF090 /* FreshNews */,
				3DF26653295E2B9F003EF090 /* Products */,
			);
			sourceTree = "<group>";
		};
		3DF26653295E2B9F003EF090 /* Products */ = {
			isa = PBXGroup;
			children = (
				3DF26652295E2B9F003EF090 /* FreshNews.app */,
			);
			name = Products;
			sourceTree = "<group>";
		};
		3DF26654295E2B9F003EF090 /* FreshNews */ = {
			isa = PBXGroup;
			children = (
				3D369C64296E017A0030DE3D /* Info.plist */,
				3D369C61296DFD720030DE3D /* Views */,
				3DF26655295E2B9F003EF090 /* FreshNewsApp.swift */,
				3DF26657295E2B9F003EF090 /* ContentView.swift */,
				3D369C5C296DF7CA0030DE3D /* Model */,
				3DF26659295E2BA0003EF090 /* Assets.xcassets */,
				3D369C59296DF7A80030DE3D /* news.json */,
				3DF2665B295E2BA0003EF090 /* Preview Content */,
			);
			path = FreshNews;
			sourceTree = "<group>";
		};
		3DF2665B295E2BA0003EF090 /* Preview Content */ = {
			isa = PBXGroup;
			children = (
				3DF2665C295E2BA0003EF090 /* Preview Assets.xcassets */,
			);
			path = "Preview Content";
			sourceTree = "<group>";
		};
/* End PBXGroup section */

/* Begin PBXNativeTarget section */
		3DF26651295E2B9F003EF090 /* FreshNews */ = {
			isa = PBXNativeTarget;
			buildConfigurationList = 3DF26660295E2BA0003EF090 /* Build configuration list for PBXNativeTarget "FreshNews" */;
			buildPhases = (
				3DF2664E295E2B9F003EF090 /* Sources */,
				3DF2664F295E2B9F003EF090 /* Frameworks */,
				3DF26650295E2B9F003EF090 /* Resources */,
			);
			buildRules = (
			);
			dependencies = (
			);
			name = FreshNews;
			productName = FreshNews;
			productReference = 3DF26652295E2B9F003EF090 /* FreshNews.app */;
			productType = "com.apple.product-type.application";
		};
/* End PBXNativeTarget section */

/* Begin PBXProject section */
		3DF2664A295E2B9F003EF090 /* Project object */ = {
			isa = PBXProject;
			attributes = {
				BuildIndependentTargetsInParallel = 1;
				LastSwiftUpdateCheck = 1400;
				LastUpgradeCheck = 1400;
				TargetAttributes = {
					3DF26651295E2B9F003EF090 = {
						CreatedOnToolsVersion = 14.0.1;
					};
				};
			};
			buildConfigurationList = 3DF2664D295E2B9F003EF090 /* Build configuration list for PBXProject "FreshNews" */;
			compatibilityVersion = "Xcode 14.0";
			developmentRegion = en;
			hasScannedForEncodings = 0;
			knownRegions = (
				en,
				Base,
			);
			mainGroup = 3DF26649295E2B9F003EF090;
			productRefGroup = 3DF26653295E2B9F003EF090 /* Products */;
			projectDirPath = "";
			projectRoot = "";
			targets = (
				3DF26651295E2B9F003EF090 /* FreshNews */,
			);
		};
/* End PBXProject section */

/* Begin PBXResourcesBuildPhase section */
		3DF26650295E2B9F003EF090 /* Resources */ = {
			isa = PBXResourcesBuildPhase;
			buildActionMask = 2147483647;
			files = (
				3D369C5A296DF7A80030DE3D /* news.json in Resources */,
				3DF2665D295E2BA0003EF090 /* Preview Assets.xcassets in Resources */,
				3DF2665A295E2BA0003EF090 /* Assets.xcassets in Resources */,
			);
			runOnlyForDeploymentPostprocessing = 0;
		};
/* End PBXResourcesBuildPhase section */

/* Begin PBXSourcesBuildPhase section */
		3DF2664E295E2B9F003EF090 /* Sources */ = {
			isa = PBXSourcesBuildPhase;
			buildActionMask = 2147483647;
			files = (
				3DF26658295E2B9F003EF090 /* ContentView.swift in Sources */,
				3D3E60B9296F447D00AC6961 /* ArticleListView.swift in Sources */,
				3D369C63296DFD9F0030DE3D /* ArticleRowView.swift in Sources */,
				3DF26656295E2B9F003EF090 /* FreshNewsApp.swift in Sources */,
				3D369C60296DFB1D0030DE3D /* NewsAPIResponse.swift in Sources */,
				3D369C5E296DF8220030DE3D /* Article.swift in Sources */,
				3D3E60BB296F466300AC6961 /* SafariView.swift in Sources */,
			);
			runOnlyForDeploymentPostprocessing = 0;
		};
/* End PBXSourcesBuildPhase section */

/* Begin XCBuildConfiguration section */
		3DF2665E295E2BA0003EF090 /* Debug */ = {
			isa = XCBuildConfiguration;
			buildSettings = {
				ALWAYS_SEARCH_USER_PATHS = NO;
				CLANG_ANALYZER_NONNULL = YES;
				CLANG_ANALYZER_NUMBER_OBJECT_CONVERSION = YES_AGGRESSIVE;
				CLANG_CXX_LANGUAGE_STANDARD = "gnu++20";
				CLANG_ENABLE_MODULES = YES;
				CLANG_ENABLE_OBJC_ARC = YES;
				CLANG_ENABLE_OBJC_WEAK = YES;
				CLANG_WARN_BLOCK_CAPTURE_AUTORELEASING = YES;
				CLANG_WARN_BOOL_CONVERSION = YES;
				CLANG_WARN_COMMA = YES;
				CLANG_WARN_CONSTANT_CONVERSION = YES;
				CLANG_WARN_DEPRECATED_OBJC_IMPLEMENTATIONS = YES;
				CLANG_WARN_DIRECT_OBJC_ISA_USAGE = YES_ERROR;
				CLANG_WARN_DOCUMENTATION_COMMENTS = YES;
				CLANG_WARN_EMPTY_BODY = YES;
				CLANG_WARN_ENUM_CONVERSION = YES;
				CLANG_WARN_INFINITE_RECURSION = YES;
				CLANG_WARN_INT_CONVERSION = YES;
				CLANG_WARN_NON_LITERAL_NULL_CONVERSION = YES;
				CLANG_WARN_OBJC_IMPLICIT_RETAIN_SELF = YES;
				CLANG_WARN_OBJC_LITERAL_CONVERSION = YES;
				CLANG_WARN_OBJC_ROOT_CLASS = YES_ERROR;
				CLANG_WARN_QUOTED_INCLUDE_IN_FRAMEWORK_HEADER = YES;
				CLANG_WARN_RANGE_LOOP_ANALYSIS = YES;
				CLANG_WARN_STRICT_PROTOTYPES = YES;
				CLANG_WARN_SUSPICIOUS_MOVE = YES;
				CLANG_WARN_UNGUARDED_AVAILABILITY = YES_AGGRESSIVE;
				CLANG_WARN_UNREACHABLE_CODE = YES;
				CLANG_WARN__DUPLICATE_METHOD_MATCH = YES;
				COPY_PHASE_STRIP = NO;
				DEBUG_INFORMATION_FORMAT = dwarf;
				ENABLE_STRICT_OBJC_MSGSEND = YES;
				ENABLE_TESTABILITY = YES;
				GCC_C_LANGUAGE_STANDARD = gnu11;
				GCC_DYNAMIC_NO_PIC = NO;
				GCC_NO_COMMON_BLOCKS = YES;
				GCC_OPTIMIZATION_LEVEL = 0;
				GCC_PREPROCESSOR_DEFINITIONS = (
					"DEBUG=1",
					"$(inherited)",
				);
				GCC_WARN_64_TO_32_BIT_CONVERSION = YES;
				GCC_WARN_ABOUT_RETURN_TYPE = YES_ERROR;
				GCC_WARN_UNDECLARED_SELECTOR = YES;
				GCC_WARN_UNINITIALIZED_AUTOS = YES_AGGRESSIVE;
				GCC_WARN_UNUSED_FUNCTION = YES;
				GCC_WARN_UNUSED_VARIABLE = YES;
				IPHONEOS_DEPLOYMENT_TARGET = 16.0;
				MTL_ENABLE_DEBUG_INFO = INCLUDE_SOURCE;
				MTL_FAST_MATH = YES;
				ONLY_ACTIVE_ARCH = YES;
				SDKROOT = iphoneos;
				SWIFT_ACTIVE_COMPILATION_CONDITIONS = DEBUG;
				SWIFT_OPTIMIZATION_LEVEL = "-Onone";
			};
			name = Debug;
		};
		3DF2665F295E2BA0003EF090 /* Release */ = {
			isa = XCBuildConfiguration;
			buildSettings = {
				ALWAYS_SEARCH_USER_PATHS = NO;
				CLANG_ANALYZER_NONNULL = YES;
				CLANG_ANALYZER_NUMBER_OBJECT_CONVERSION = YES_AGGRESSIVE;
				CLANG_CXX_LANGUAGE_STANDARD = "gnu++20";
				CLANG_ENABLE_MODULES = YES;
				CLANG_ENABLE_OBJC_ARC = YES;
				CLANG_ENABLE_OBJC_WEAK = YES;
				CLANG_WARN_BLOCK_CAPTURE_AUTORELEASING = YES;
				CLANG_WARN_BOOL_CONVERSION = YES;
				CLANG_WARN_COMMA = YES;
				CLANG_WARN_CONSTANT_CONVERSION = YES;
				CLANG_WARN_DEPRECATED_OBJC_IMPLEMENTATIONS = YES;
				CLANG_WARN_DIRECT_OBJC_ISA_USAGE = YES_ERROR;
				CLANG_WARN_DOCUMENTATION_COMMENTS = YES;
				CLANG_WARN_EMPTY_BODY = YES;
				CLANG_WARN_ENUM_CONVERSION = YES;
				CLANG_WARN_INFINITE_RECURSION = YES;
				CLANG_WARN_INT_CONVERSION = YES;
				CLANG_WARN_NON_LITERAL_NULL_CONVERSION = YES;
				CLANG_WARN_OBJC_IMPLICIT_RETAIN_SELF = YES;
				CLANG_WARN_OBJC_LITERAL_CONVERSION = YES;
				CLANG_WARN_OBJC_ROOT_CLASS = YES_ERROR;
				CLANG_WARN_QUOTED_INCLUDE_IN_FRAMEWORK_HEADER = YES;
				CLANG_WARN_RANGE_LOOP_ANALYSIS = YES;
				CLANG_WARN_STRICT_PROTOTYPES = YES;
				CLANG_WARN_SUSPICIOUS_MOVE = YES;
				CLANG_WARN_UNGUARDED_AVAILABILITY = YES_AGGRESSIVE;
				CLANG_WARN_UNREACHABLE_CODE = YES;
				CLANG_WARN__DUPLICATE_METHOD_MATCH = YES;
				COPY_PHASE_STRIP = NO;
				DEBUG_INFORMATION_FORMAT = "dwarf-with-dsym";
				ENABLE_NS_ASSERTIONS = NO;
				ENABLE_STRICT_OBJC_MSGSEND = YES;
				GCC_C_LANGUAGE_STANDARD = gnu11;
				GCC_NO_COMMON_BLOCKS = YES;
				GCC_WARN_64_TO_32_BIT_CONVERSION = YES;
				GCC_WARN_ABOUT_RETURN_TYPE = YES_ERROR;
				GCC_WARN_UNDECLARED_SELECTOR = YES;
				GCC_WARN_UNINITIALIZED_AUTOS = YES_AGGRESSIVE;
				GCC_WARN_UNUSED_FUNCTION = YES;
				GCC_WARN_UNUSED_VARIABLE = YES;
				IPHONEOS_DEPLOYMENT_TARGET = 16.0;
				MTL_ENABLE_DEBUG_INFO = NO;
				MTL_FAST_MATH = YES;
				SDKROOT = iphoneos;
				SWIFT_COMPILATION_MODE = wholemodule;
				SWIFT_OPTIMIZATION_LEVEL = "-O";
				VALIDATE_PRODUCT = YES;
			};
			name = Release;
		};
		3DF26661295E2BA0003EF090 /* Debug */ = {
			isa = XCBuildConfiguration;
			buildSettings = {
				ASSETCATALOG_COMPILER_APPICON_NAME = AppIcon;
				ASSETCATALOG_COMPILER_GLOBAL_ACCENT_COLOR_NAME = AccentColor;
				CODE_SIGN_STYLE = Automatic;
				CURRENT_PROJECT_VERSION = 1;
				DEVELOPMENT_ASSET_PATHS = "\"FreshNews/Preview Content\"";
				DEVELOPMENT_TEAM = 5SKVZRCRN5;
				ENABLE_PREVIEWS = YES;
				GENERATE_INFOPLIST_FILE = YES;
				INFOPLIST_FILE = FreshNews/Info.plist;
				INFOPLIST_KEY_UIApplicationSceneManifest_Generation = YES;
				INFOPLIST_KEY_UIApplicationSupportsIndirectInputEvents = YES;
				INFOPLIST_KEY_UILaunchScreen_Generation = YES;
				INFOPLIST_KEY_UISupportedInterfaceOrientations_iPad = "UIInterfaceOrientationPortrait UIInterfaceOrientationPortraitUpsideDown UIInterfaceOrientationLandscapeLeft UIInterfaceOrientationLandscapeRight";
				INFOPLIST_KEY_UISupportedInterfaceOrientations_iPhone = "UIInterfaceOrientationPortrait UIInterfaceOrientationLandscapeLeft UIInterfaceOrientationLandscapeRight";
				IPHONEOS_DEPLOYMENT_TARGET = 15.0;
				LD_RUNPATH_SEARCH_PATHS = (
					"$(inherited)",
					"@executable_path/Frameworks",
				);
				MARKETING_VERSION = 1.0;
				PRODUCT_BUNDLE_IDENTIFIER = com.enbcreative.FreshNews;
				PRODUCT_NAME = "$(TARGET_NAME)";
				SWIFT_EMIT_LOC_STRINGS = YES;
				SWIFT_VERSION = 5.0;
				TARGETED_DEVICE_FAMILY = "1,2";
			};
			name = Debug;
		};
		3DF26662295E2BA0003EF090 /* Release */ = {
			isa = XCBuildConfiguration;
			buildSettings = {
				ASSETCATALOG_COMPILER_APPICON_NAME = AppIcon;
				ASSETCATALOG_COMPILER_GLOBAL_ACCENT_COLOR_NAME = AccentColor;
				CODE_SIGN_STYLE = Automatic;
				CURRENT_PROJECT_VERSION = 1;
				DEVELOPMENT_ASSET_PATHS = "\"FreshNews/Preview Content\"";
				DEVELOPMENT_TEAM = 5SKVZRCRN5;
				ENABLE_PREVIEWS = YES;
				GENERATE_INFOPLIST_FILE = YES;
				INFOPLIST_FILE = FreshNews/Info.plist;
				INFOPLIST_KEY_UIApplicationSceneManifest_Generation = YES;
				INFOPLIST_KEY_UIApplicationSupportsIndirectInputEvents = YES;
				INFOPLIST_KEY_UILaunchScreen_Generation = YES;
				INFOPLIST_KEY_UISupportedInterfaceOrientations_iPad = "UIInterfaceOrientationPortrait UIInterfaceOrientationPortraitUpsideDown UIInterfaceOrientationLandscapeLeft UIInterfaceOrientationLandscapeRight";
				INFOPLIST_KEY_UISupportedInterfaceOrientations_iPhone = "UIInterfaceOrientationPortrait UIInterfaceOrientationLandscapeLeft UIInterfaceOrientationLandscapeRight";
				IPHONEOS_DEPLOYMENT_TARGET = 15.0;
				LD_RUNPATH_SEARCH_PATHS = (
					"$(inherited)",
					"@executable_path/Frameworks",
				);
				MARKETING_VERSION = 1.0;
				PRODUCT_BUNDLE_IDENTIFIER = com.enbcreative.FreshNews;
				PRODUCT_NAME = "$(TARGET_NAME)";
				SWIFT_EMIT_LOC_STRINGS = YES;
				SWIFT_VERSION = 5.0;
				TARGETED_DEVICE_FAMILY = "1,2";
			};
			name = Release;
		};
/* End XCBuildConfiguration section */

/* Begin XCConfigurationList section */
		3DF2664D295E2B9F003EF090 /* Build configuration list for PBXProject "FreshNews" */ = {
			isa = XCConfigurationList;
			buildConfigurations = (
				3DF2665E295E2BA0003EF090 /* Debug */,
				3DF2665F295E2BA0003EF090 /* Release */,
			);
			defaultConfigurationIsVisible = 0;
			defaultConfigurationName = Release;
		};
		3DF26660295E2BA0003EF090 /* Build configuration list for PBXNativeTarget "FreshNews" */ = {
			isa = XCConfigurationList;
			buildConfigurations = (
				3DF26661295E2BA0003EF090 /* Debug */,
				3DF26662295E2BA0003EF090 /* Release */,
			);
			defaultConfigurationIsVisible = 0;
			defaultConfigurationName = Release;
		};
/* End XCConfigurationList section */
	};
	rootObject = 3DF2664A295E2B9F003EF090 /* Project object */;
}
